
Microsoft Visual Studio Solution File, Format Version 12.00
# Visual Studio Version 16
VisualStudioVersion = 16.0.30114.105
MinimumVisualStudioVersion = 10.0.40219.1
Project("{FAE04EC0-301F-11D3-BF4B-00C04F79EFBC}") = "BlazorServerProject", "BlazorServerProject\BlazorServerProject.csproj", "{BC932D76-475B-4049-A43A-797167921163}"
EndProject
Global
	GlobalSection(SolutionConfigurationPlatforms) = preSolution
		Debug|Any CPU = Debug|Any CPU
		Release|Any CPU = Release|Any CPU
	EndGlobalSection
	GlobalSection(SolutionProperties) = preSolution
		HideSolutionNode = FALSE
	EndGlobalSection
	GlobalSection(ProjectConfigurationPlatforms) = postSolution
		{BC932D76-475B-4049-A43A-797167921163}.Debug|Any CPU.ActiveCfg = Debug|Any CPU
		{BC932D76-475B-4049-A43A-797167921163}.Debug|Any CPU.Build.0 = Debug|Any CPU
		{BC932D76-475B-4049-A43A-797167921163}.Release|Any CPU.ActiveCfg = Release|Any CPU
		{BC932D76-475B-4049-A43A-797167921163}.Release|Any CPU.Build.0 = Release|Any CPU
	EndGlobalSection
EndGlobal
